
Microsoft Visual Studio Solution File, Format Version 12.00
# Visual Studio Version 16
VisualStudioVersion = 16.0.29609.76
MinimumVisualStudioVersion = 10.0.40219.1
Project("{FAE04EC0-301F-11D3-BF4B-00C04F79EFBC}") = "OO Challenge", "OO Challenge\OO Challenge.csproj", "{559EDF0F-E47C-4EBF-A75D-AB369869D96E}"
EndProject
Project("{FAE04EC0-301F-11D3-BF4B-00C04F79EFBC}") = "Quadrilateral_Tests", "..\CIV-OO-Challenge-1\Quadrilateral_Tests\Quadrilateral_Tests.csproj", "{8F095AA3-0B1E-481E-A1E5-5213EC1E8185}"
EndProject
Project("{F184B08F-C81C-45F6-A57F-5ABD9991F28F}") = "Creation", "Creation\Creation.vbproj", "{93E97106-989C-4D6B-ADAB-F07DBA3E0647}"
EndProject
Global
	GlobalSection(SolutionConfigurationPlatforms) = preSolution
		Debug|Any CPU = Debug|Any CPU
		Release|Any CPU = Release|Any CPU
	EndGlobalSection
	GlobalSection(ProjectConfigurationPlatforms) = postSolution
		{559EDF0F-E47C-4EBF-A75D-AB369869D96E}.Debug|Any CPU.ActiveCfg = Debug|Any CPU
		{559EDF0F-E47C-4EBF-A75D-AB369869D96E}.Debug|Any CPU.Build.0 = Debug|Any CPU
		{559EDF0F-E47C-4EBF-A75D-AB369869D96E}.Release|Any CPU.ActiveCfg = Release|Any CPU
		{559EDF0F-E47C-4EBF-A75D-AB369869D96E}.Release|Any CPU.Build.0 = Release|Any CPU
		{8F095AA3-0B1E-481E-A1E5-5213EC1E8185}.Debug|Any CPU.ActiveCfg = Debug|Any CPU
		{8F095AA3-0B1E-481E-A1E5-5213EC1E8185}.Debug|Any CPU.Build.0 = Debug|Any CPU
		{8F095AA3-0B1E-481E-A1E5-5213EC1E8185}.Release|Any CPU.ActiveCfg = Release|Any CPU
		{8F095AA3-0B1E-481E-A1E5-5213EC1E8185}.Release|Any CPU.Build.0 = Release|Any CPU
		{93E97106-989C-4D6B-ADAB-F07DBA3E0647}.Debug|Any CPU.ActiveCfg = Debug|Any CPU
		{93E97106-989C-4D6B-ADAB-F07DBA3E0647}.Debug|Any CPU.Build.0 = Debug|Any CPU
		{93E97106-989C-4D6B-ADAB-F07DBA3E0647}.Release|Any CPU.ActiveCfg = Release|Any CPU
		{93E97106-989C-4D6B-ADAB-F07DBA3E0647}.Release|Any CPU.Build.0 = Release|Any CPU
	EndGlobalSection
	GlobalSection(SolutionProperties) = preSolution
		HideSolutionNode = FALSE
	EndGlobalSection
	GlobalSection(ExtensibilityGlobals) = postSolution
		SolutionGuid = {444DA1C0-FDC4-47CA-B4E2-DA88720C6189}
	EndGlobalSection
EndGlobal
